
Microsoft Visual Studio Solution File, Format Version 12.00
# Visual Studio 15
VisualStudioVersion = 15.0.27428.2011
MinimumVisualStudioVersion = 10.0.40219.1
Project("{FAE04EC0-301F-11D3-BF4B-00C04F79EFBC}") = "ControlePluvial", "ControlePluvial\ControlePluvial.csproj", "{6A9C28DF-E134-4FB6-ABB4-8AA4629A1DBB}"
EndProject
Global
	GlobalSection(SolutionConfigurationPlatforms) = preSolution
		Debug|Any CPU = Debug|Any CPU
		Release|Any CPU = Release|Any CPU
	EndGlobalSection
	GlobalSection(ProjectConfigurationPlatforms) = postSolution
		{6A9C28DF-E134-4FB6-ABB4-8AA4629A1DBB}.Debug|Any CPU.ActiveCfg = Debug|Any CPU
		{6A9C28DF-E134-4FB6-ABB4-8AA4629A1DBB}.Debug|Any CPU.Build.0 = Debug|Any CPU
		{6A9C28DF-E134-4FB6-ABB4-8AA4629A1DBB}.Release|Any CPU.ActiveCfg = Release|Any CPU
		{6A9C28DF-E134-4FB6-ABB4-8AA4629A1DBB}.Release|Any CPU.Build.0 = Release|Any CPU
	EndGlobalSection
	GlobalSection(SolutionProperties) = preSolution
		HideSolutionNode = FALSE
	EndGlobalSection
	GlobalSection(ExtensibilityGlobals) = postSolution
		SolutionGuid = {2E0B06A0-C5A2-45CF-B110-1E7DCC9EC675}
	EndGlobalSection
EndGlobal
